
Microsoft Visual Studio Solution File, Format Version 12.00
# Visual Studio Version 16
VisualStudioVersion = 16.0.33027.164
MinimumVisualStudioVersion = 10.0.40219.1
Project("{FAE04EC0-301F-11D3-BF4B-00C04F79EFBC}") = "X_and_0", "X_and_0\X_and_0.csproj", "{6BCE1612-84E9-4C8B-9B2D-93795EE0D70C}"
EndProject
Global
	GlobalSection(SolutionConfigurationPlatforms) = preSolution
		Debug|Any CPU = Debug|Any CPU
		Release|Any CPU = Release|Any CPU
	EndGlobalSection
	GlobalSection(ProjectConfigurationPlatforms) = postSolution
		{6BCE1612-84E9-4C8B-9B2D-93795EE0D70C}.Debug|Any CPU.ActiveCfg = Debug|Any CPU
		{6BCE1612-84E9-4C8B-9B2D-93795EE0D70C}.Debug|Any CPU.Build.0 = Debug|Any CPU
		{6BCE1612-84E9-4C8B-9B2D-93795EE0D70C}.Release|Any CPU.ActiveCfg = Release|Any CPU
		{6BCE1612-84E9-4C8B-9B2D-93795EE0D70C}.Release|Any CPU.Build.0 = Release|Any CPU
	EndGlobalSection
	GlobalSection(SolutionProperties) = preSolution
		HideSolutionNode = FALSE
	EndGlobalSection
	GlobalSection(ExtensibilityGlobals) = postSolution
		SolutionGuid = {F7559EF4-3344-4771-A03E-90C856D0D49D}
	EndGlobalSection
EndGlobal
